
Microsoft Visual Studio Solution File, Format Version 12.00
# Visual Studio Version 16
VisualStudioVersion = 16.0.30621.155
MinimumVisualStudioVersion = 10.0.40219.1
Project("{FAE04EC0-301F-11D3-BF4B-00C04F79EFBC}") = "BioparkCommunication", "BioparkCommunication\BioparkCommunication.csproj", "{FE41C671-EF23-4E1D-9AB3-F510BED4E95F}"
EndProject
Global
	GlobalSection(SolutionConfigurationPlatforms) = preSolution
		Debug|Any CPU = Debug|Any CPU
		Release|Any CPU = Release|Any CPU
	EndGlobalSection
	GlobalSection(ProjectConfigurationPlatforms) = postSolution
		{FE41C671-EF23-4E1D-9AB3-F510BED4E95F}.Debug|Any CPU.ActiveCfg = Debug|Any CPU
		{FE41C671-EF23-4E1D-9AB3-F510BED4E95F}.Debug|Any CPU.Build.0 = Debug|Any CPU
		{FE41C671-EF23-4E1D-9AB3-F510BED4E95F}.Release|Any CPU.ActiveCfg = Release|Any CPU
		{FE41C671-EF23-4E1D-9AB3-F510BED4E95F}.Release|Any CPU.Build.0 = Release|Any CPU
	EndGlobalSection
	GlobalSection(SolutionProperties) = preSolution
		HideSolutionNode = FALSE
	EndGlobalSection
	GlobalSection(ExtensibilityGlobals) = postSolution
		SolutionGuid = {E75EC1A1-22E2-4692-9E27-CBD178D36B47}
	EndGlobalSection
EndGlobal
